
Microsoft Visual Studio Solution File, Format Version 12.00
# Visual Studio Version 17
VisualStudioVersion = 17.12.35514.174 d17.12
MinimumVisualStudioVersion = 10.0.40219.1
Project("{FAE04EC0-301F-11D3-BF4B-00C04F79EFBC}") = "Banking.Console", "Banking.Console\Banking.Console.csproj", "{0FB8A578-D6D8-432F-B4D6-FE63D41E4188}"
EndProject
Project("{FAE04EC0-301F-11D3-BF4B-00C04F79EFBC}") = "Banking.Library", "Banking.Library\Banking.Library.csproj", "{B539FAD2-0443-40A3-B6BF-6F0042C2CAE6}"
EndProject
Project("{FAE04EC0-301F-11D3-BF4B-00C04F79EFBC}") = "Banking.Tests", "Banking.Tests\Banking.Tests.csproj", "{FBD5B4F6-69FE-462B-A5F2-03FE77126218}"
EndProject
Global
	GlobalSection(SolutionConfigurationPlatforms) = preSolution
		Debug|Any CPU = Debug|Any CPU
		Release|Any CPU = Release|Any CPU
	EndGlobalSection
	GlobalSection(ProjectConfigurationPlatforms) = postSolution
		{0FB8A578-D6D8-432F-B4D6-FE63D41E4188}.Debug|Any CPU.ActiveCfg = Debug|Any CPU
		{0FB8A578-D6D8-432F-B4D6-FE63D41E4188}.Debug|Any CPU.Build.0 = Debug|Any CPU
		{0FB8A578-D6D8-432F-B4D6-FE63D41E4188}.Release|Any CPU.ActiveCfg = Release|Any CPU
		{0FB8A578-D6D8-432F-B4D6-FE63D41E4188}.Release|Any CPU.Build.0 = Release|Any CPU
		{B539FAD2-0443-40A3-B6BF-6F0042C2CAE6}.Debug|Any CPU.ActiveCfg = Debug|Any CPU
		{B539FAD2-0443-40A3-B6BF-6F0042C2CAE6}.Debug|Any CPU.Build.0 = Debug|Any CPU
		{B539FAD2-0443-40A3-B6BF-6F0042C2CAE6}.Release|Any CPU.ActiveCfg = Release|Any CPU
		{B539FAD2-0443-40A3-B6BF-6F0042C2CAE6}.Release|Any CPU.Build.0 = Release|Any CPU
		{FBD5B4F6-69FE-462B-A5F2-03FE77126218}.Debug|Any CPU.ActiveCfg = Debug|Any CPU
		{FBD5B4F6-69FE-462B-A5F2-03FE77126218}.Debug|Any CPU.Build.0 = Debug|Any CPU
		{FBD5B4F6-69FE-462B-A5F2-03FE77126218}.Release|Any CPU.ActiveCfg = Release|Any CPU
		{FBD5B4F6-69FE-462B-A5F2-03FE77126218}.Release|Any CPU.Build.0 = Release|Any CPU
	EndGlobalSection
	GlobalSection(SolutionProperties) = preSolution
		HideSolutionNode = FALSE
	EndGlobalSection
EndGlobal
